
Microsoft Visual Studio Solution File, Format Version 12.00
# Visual Studio Version 17
VisualStudioVersion = 17.7.34221.43
MinimumVisualStudioVersion = 10.0.40219.1
Project("{FAE04EC0-301F-11D3-BF4B-00C04F79EFBC}") = "API", "API\API.csproj", "{21AC46E2-A8B1-4888-BDE7-9CB62492EE48}"
EndProject
Project("{FAE04EC0-301F-11D3-BF4B-00C04F79EFBC}") = "Data", "Data\Data.csproj", "{EF4F325B-AD7E-4356-BBFE-2C2965B306F1}"
EndProject
Project("{FAE04EC0-301F-11D3-BF4B-00C04F79EFBC}") = "Models", "Models\Models.csproj", "{61BB7189-1970-49A7-947F-3BAB3A7BC049}"
EndProject
Global
	GlobalSection(SolutionConfigurationPlatforms) = preSolution
		Debug|Any CPU = Debug|Any CPU
		Release|Any CPU = Release|Any CPU
	EndGlobalSection
	GlobalSection(ProjectConfigurationPlatforms) = postSolution
		{21AC46E2-A8B1-4888-BDE7-9CB62492EE48}.Debug|Any CPU.ActiveCfg = Debug|Any CPU
		{21AC46E2-A8B1-4888-BDE7-9CB62492EE48}.Debug|Any CPU.Build.0 = Debug|Any CPU
		{21AC46E2-A8B1-4888-BDE7-9CB62492EE48}.Release|Any CPU.ActiveCfg = Release|Any CPU
		{21AC46E2-A8B1-4888-BDE7-9CB62492EE48}.Release|Any CPU.Build.0 = Release|Any CPU
		{EF4F325B-AD7E-4356-BBFE-2C2965B306F1}.Debug|Any CPU.ActiveCfg = Debug|Any CPU
		{EF4F325B-AD7E-4356-BBFE-2C2965B306F1}.Debug|Any CPU.Build.0 = Debug|Any CPU
		{EF4F325B-AD7E-4356-BBFE-2C2965B306F1}.Release|Any CPU.ActiveCfg = Release|Any CPU
		{EF4F325B-AD7E-4356-BBFE-2C2965B306F1}.Release|Any CPU.Build.0 = Release|Any CPU
		{61BB7189-1970-49A7-947F-3BAB3A7BC049}.Debug|Any CPU.ActiveCfg = Debug|Any CPU
		{61BB7189-1970-49A7-947F-3BAB3A7BC049}.Debug|Any CPU.Build.0 = Debug|Any CPU
		{61BB7189-1970-49A7-947F-3BAB3A7BC049}.Release|Any CPU.ActiveCfg = Release|Any CPU
		{61BB7189-1970-49A7-947F-3BAB3A7BC049}.Release|Any CPU.Build.0 = Release|Any CPU
	EndGlobalSection
	GlobalSection(SolutionProperties) = preSolution
		HideSolutionNode = FALSE
	EndGlobalSection
	GlobalSection(ExtensibilityGlobals) = postSolution
		SolutionGuid = {C1E98534-DECB-4D8E-BB0D-9BF6C7193973}
	EndGlobalSection
EndGlobal
